
Microsoft Visual Studio Solution File, Format Version 12.00
# Visual Studio 15
VisualStudioVersion = 15.0.27703.2035
MinimumVisualStudioVersion = 10.0.40219.1
Project("{FAE04EC0-301F-11D3-BF4B-00C04F79EFBC}") = "FlexScript", "FlexScript\FlexScript.csproj", "{EF08F9CE-621C-4BE5-A5F4-842F6DD3FAF1}"
EndProject
Global
	GlobalSection(SolutionConfigurationPlatforms) = preSolution
		Debug|Any CPU = Debug|Any CPU
		Release|Any CPU = Release|Any CPU
	EndGlobalSection
	GlobalSection(ProjectConfigurationPlatforms) = postSolution
		{EF08F9CE-621C-4BE5-A5F4-842F6DD3FAF1}.Debug|Any CPU.ActiveCfg = Debug|Any CPU
		{EF08F9CE-621C-4BE5-A5F4-842F6DD3FAF1}.Debug|Any CPU.Build.0 = Debug|Any CPU
		{EF08F9CE-621C-4BE5-A5F4-842F6DD3FAF1}.Release|Any CPU.ActiveCfg = Release|Any CPU
		{EF08F9CE-621C-4BE5-A5F4-842F6DD3FAF1}.Release|Any CPU.Build.0 = Release|Any CPU
	EndGlobalSection
	GlobalSection(SolutionProperties) = preSolution
		HideSolutionNode = FALSE
	EndGlobalSection
	GlobalSection(ExtensibilityGlobals) = postSolution
		SolutionGuid = {7CB23EDC-69C3-419B-BB45-9C739FF570A4}
	EndGlobalSection
EndGlobal
